// !$*UTF8*$!
{
	archiveVersion = 1;
	classes = {
	};
	objectVersion = 46;
	objects = {

/* Begin PBXBuildFile section */
		B43431181A08969300BDAD4E /* MapViewController.swift in Sources */ = {isa = PBXBuildFile; fileRef = B43431171A08969300BDAD4E /* MapViewController.swift */; };
		B434311A1A08985500BDAD4E /* MapKit.framework in Frameworks */ = {isa = PBXBuildFile; fileRef = B43431191A08985500BDAD4E /* MapKit.framework */; };
		B434313D1A19A76D00BDAD4E /* FeedItem.swift in Sources */ = {isa = PBXBuildFile; fileRef = B434313C1A19A76D00BDAD4E /* FeedItem.swift */; };
		B472A7961A008C64002DD158 /* AppDelegate.swift in Sources */ = {isa = PBXBuildFile; fileRef = B472A7951A008C64002DD158 /* AppDelegate.swift */; };
		B472A7991A008C64002DD158 /* ExchangeAGram.xcdatamodeld in Sources */ = {isa = PBXBuildFile; fileRef = B472A7971A008C64002DD158 /* ExchangeAGram.xcdatamodeld */; };
		B472A79E1A008C64002DD158 /* Main.storyboard in Resources */ = {isa = PBXBuildFile; fileRef = B472A79C1A008C64002DD158 /* Main.storyboard */; };
		B472A7A01A008C64002DD158 /* Images.xcassets in Resources */ = {isa = PBXBuildFile; fileRef = B472A79F1A008C64002DD158 /* Images.xcassets */; };
		B472A7A31A008C64002DD158 /* LaunchScreen.xib in Resources */ = {isa = PBXBuildFile; fileRef = B472A7A11A008C64002DD158 /* LaunchScreen.xib */; };
		B472A7AF1A008C64002DD158 /* ExchangeAGramTests.swift in Sources */ = {isa = PBXBuildFile; fileRef = B472A7AE1A008C64002DD158 /* ExchangeAGramTests.swift */; };
		B472A7B91A008EA3002DD158 /* FeedViewController.swift in Sources */ = {isa = PBXBuildFile; fileRef = B472A7B81A008EA3002DD158 /* FeedViewController.swift */; };
		B472A7BB1A009295002DD158 /* FeedCell.swift in Sources */ = {isa = PBXBuildFile; fileRef = B472A7BA1A009295002DD158 /* FeedCell.swift */; };
		B472A7BD1A0096CC002DD158 /* MobileCoreServices.framework in Frameworks */ = {isa = PBXBuildFile; fileRef = B472A7BC1A0096CC002DD158 /* MobileCoreServices.framework */; };
		B472A7C11A0223B0002DD158 /* FilterViewController.swift in Sources */ = {isa = PBXBuildFile; fileRef = B472A7C01A0223B0002DD158 /* FilterViewController.swift */; };
		B472A7C31A022FFD002DD158 /* FilterCell.swift in Sources */ = {isa = PBXBuildFile; fileRef = B472A7C21A022FFD002DD158 /* FilterCell.swift */; };
		B472A7CA1A05D14F002DD158 /* ProfileViewController.swift in Sources */ = {isa = PBXBuildFile; fileRef = B472A7C91A05D14F002DD158 /* ProfileViewController.swift */; };
		B472A7CC1A05DA5C002DD158 /* FacebookSDK.framework in Frameworks */ = {isa = PBXBuildFile; fileRef = B472A7CB1A05DA5C002DD158 /* FacebookSDK.framework */; };
/* End PBXBuildFile section */

/* Begin PBXContainerItemProxy section */
		B472A7A91A008C64002DD158 /* PBXContainerItemProxy */ = {
			isa = PBXContainerItemProxy;
			containerPortal = B472A7881A008C64002DD158 /* Project object */;
			proxyType = 1;
			remoteGlobalIDString = B472A78F1A008C64002DD158;
			remoteInfo = ExchangeAGram;
		};
/* End PBXContainerItemProxy section */

/* Begin PBXFileReference section */
		B43431171A08969300BDAD4E /* MapViewController.swift */ = {isa = PBXFileReference; fileEncoding = 4; lastKnownFileType = sourcecode.swift; name = MapViewController.swift; path = ../MapViewController.swift; sourceTree = "<group>"; };
		B43431191A08985500BDAD4E /* MapKit.framework */ = {isa = PBXFileReference; lastKnownFileType = wrapper.framework; name = MapKit.framework; path = System/Library/Frameworks/MapKit.framework; sourceTree = SDKROOT; };
		B434313C1A19A76D00BDAD4E /* FeedItem.swift */ = {isa = PBXFileReference; fileEncoding = 4; lastKnownFileType = sourcecode.swift; name = FeedItem.swift; path = ../FeedItem.swift; sourceTree = "<group>"; };
		B472A7901A008C64002DD158 /* ExchangeAGram.app */ = {isa = PBXFileReference; explicitFileType = wrapper.application; includeInIndex = 0; path = ExchangeAGram.app; sourceTree = BUILT_PRODUCTS_DIR; };
		B472A7941A008C64002DD158 /* Info.plist */ = {isa = PBXFileReference; lastKnownFileType = text.plist.xml; path = Info.plist; sourceTree = "<group>"; };
		B472A7951A008C64002DD158 /* AppDelegate.swift */ = {isa = PBXFileReference; lastKnownFileType = sourcecode.swift; path = AppDelegate.swift; sourceTree = "<group>"; };
		B472A7981A008C64002DD158 /* ExchangeAGram.xcdatamodel */ = {isa = PBXFileReference; lastKnownFileType = wrapper.xcdatamodel; path = ExchangeAGram.xcdatamodel; sourceTree = "<group>"; };
		B472A79D1A008C64002DD158 /* Base */ = {isa = PBXFileReference; lastKnownFileType = file.storyboard; name = Base; path = Base.lproj/Main.storyboard; sourceTree = "<group>"; };
		B472A79F1A008C64002DD158 /* Images.xcassets */ = {isa = PBXFileReference; lastKnownFileType = folder.assetcatalog; path = Images.xcassets; sourceTree = "<group>"; };
		B472A7A21A008C64002DD158 /* Base */ = {isa = PBXFileReference; lastKnownFileType = file.xib; name = Base; path = Base.lproj/LaunchScreen.xib; sourceTree = "<group>"; };
		B472A7A81A008C64002DD158 /* ExchangeAGramTests.xctest */ = {isa = PBXFileReference; explicitFileType = wrapper.cfbundle; includeInIndex = 0; path = ExchangeAGramTests.xctest; sourceTree = BUILT_PRODUCTS_DIR; };
		B472A7AD1A008C64002DD158 /* Info.plist */ = {isa = PBXFileReference; lastKnownFileType = text.plist.xml; path = Info.plist; sourceTree = "<group>"; };
		B472A7AE1A008C64002DD158 /* ExchangeAGramTests.swift */ = {isa = PBXFileReference; lastKnownFileType = sourcecode.swift; path = ExchangeAGramTests.swift; sourceTree = "<group>"; };
		B472A7B81A008EA3002DD158 /* FeedViewController.swift */ = {isa = PBXFileReference; fileEncoding = 4; lastKnownFileType = sourcecode.swift; name = FeedViewController.swift; path = ../FeedViewController.swift; sourceTree = "<group>"; };
		B472A7BA1A009295002DD158 /* FeedCell.swift */ = {isa = PBXFileReference; fileEncoding = 4; lastKnownFileType = sourcecode.swift; path = FeedCell.swift; sourceTree = "<group>"; };
		B472A7BC1A0096CC002DD158 /* MobileCoreServices.framework */ = {isa = PBXFileReference; lastKnownFileType = wrapper.framework; name = MobileCoreServices.framework; path = System/Library/Frameworks/MobileCoreServices.framework; sourceTree = SDKROOT; };
		B472A7C01A0223B0002DD158 /* FilterViewController.swift */ = {isa = PBXFileReference; fileEncoding = 4; lastKnownFileType = sourcecode.swift; path = FilterViewController.swift; sourceTree = "<group>"; };
		B472A7C21A022FFD002DD158 /* FilterCell.swift */ = {isa = PBXFileReference; fileEncoding = 4; lastKnownFileType = sourcecode.swift; path = FilterCell.swift; sourceTree = "<group>"; };
		B472A7C91A05D14F002DD158 /* ProfileViewController.swift */ = {isa = PBXFileReference; fileEncoding = 4; lastKnownFileType = sourcecode.swift; path = ProfileViewController.swift; sourceTree = "<group>"; };
		B472A7CB1A05DA5C002DD158 /* FacebookSDK.framework */ = {isa = PBXFileReference; lastKnownFileType = wrapper.framework; name = FacebookSDK.framework; path = ../../../../../FacebookSDK/FacebookSDK.framework; sourceTree = "<group>"; };
		B472A7CD1A05DE32002DD158 /* Bridging-Header.h */ = {isa = PBXFileReference; lastKnownFileType = sourcecode.c.h; path = "Bridging-Header.h"; sourceTree = "<group>"; };
/* End PBXFileReference section */

/* Begin PBXFrameworksBuildPhase section */
		B472A78D1A008C64002DD158 /* Frameworks */ = {
			isa = PBXFrameworksBuildPhase;
			buildActionMask = 2147483647;
			files = (
				B434311A1A08985500BDAD4E /* MapKit.framework in Frameworks */,
				B472A7BD1A0096CC002DD158 /* MobileCoreServices.framework in Frameworks */,
				B472A7CC1A05DA5C002DD158 /* FacebookSDK.framework in Frameworks */,
			);
			runOnlyForDeploymentPostprocessing = 0;
		};
		B472A7A51A008C64002DD158 /* Frameworks */ = {
			isa = PBXFrameworksBuildPhase;
			buildActionMask = 2147483647;
			files = (
			);
			runOnlyForDeploymentPostprocessing = 0;
		};
/* End PBXFrameworksBuildPhase section */

/* Begin PBXGroup section */
		B472A7871A008C64002DD158 = {
			isa = PBXGroup;
			children = (
				B472A7921A008C64002DD158 /* ExchangeAGram */,
				B472A7AB1A008C64002DD158 /* ExchangeAGramTests */,
				B472A7911A008C64002DD158 /* Products */,
			);
			sourceTree = "<group>";
		};
		B472A7911A008C64002DD158 /* Products */ = {
			isa = PBXGroup;
			children = (
				B472A7901A008C64002DD158 /* ExchangeAGram.app */,
				B472A7A81A008C64002DD158 /* ExchangeAGramTests.xctest */,
			);
			name = Products;
			sourceTree = "<group>";
		};
		B472A7921A008C64002DD158 /* ExchangeAGram */ = {
			isa = PBXGroup;
			children = (
				B472A7951A008C64002DD158 /* AppDelegate.swift */,
				B472A7C61A048B06002DD158 /* Model */,
				B472A7B81A008EA3002DD158 /* FeedViewController.swift */,
				B472A7C01A0223B0002DD158 /* FilterViewController.swift */,
				B472A7C21A022FFD002DD158 /* FilterCell.swift */,
				B472A7BA1A009295002DD158 /* FeedCell.swift */,
				B472A7C91A05D14F002DD158 /* ProfileViewController.swift */,
				B43431171A08969300BDAD4E /* MapViewController.swift */,
				B472A7CD1A05DE32002DD158 /* Bridging-Header.h */,
				B472A79C1A008C64002DD158 /* Main.storyboard */,
				B472A79F1A008C64002DD158 /* Images.xcassets */,
				B472A7A11A008C64002DD158 /* LaunchScreen.xib */,
				B472A7931A008C64002DD158 /* Supporting Files */,
			);
			path = ExchangeAGram;
			sourceTree = "<group>";
		};
		B472A7931A008C64002DD158 /* Supporting Files */ = {
			isa = PBXGroup;
			children = (
				B43431191A08985500BDAD4E /* MapKit.framework */,
				B472A7CB1A05DA5C002DD158 /* FacebookSDK.framework */,
				B472A7941A008C64002DD158 /* Info.plist */,
				B472A7BC1A0096CC002DD158 /* MobileCoreServices.framework */,
			);
			name = "Supporting Files";
			sourceTree = "<group>";
		};
		B472A7AB1A008C64002DD158 /* ExchangeAGramTests */ = {
			isa = PBXGroup;
			children = (
				B472A7AE1A008C64002DD158 /* ExchangeAGramTests.swift */,
				B472A7AC1A008C64002DD158 /* Supporting Files */,
			);
			path = ExchangeAGramTests;
			sourceTree = "<group>";
		};
		B472A7AC1A008C64002DD158 /* Supporting Files */ = {
			isa = PBXGroup;
			children = (
				B472A7AD1A008C64002DD158 /* Info.plist */,
			);
			name = "Supporting Files";
			sourceTree = "<group>";
		};
		B472A7C61A048B06002DD158 /* Model */ = {
			isa = PBXGroup;
			children = (
				B472A7971A008C64002DD158 /* ExchangeAGram.xcdatamodeld */,
				B434313C1A19A76D00BDAD4E /* FeedItem.swift */,
			);
			name = Model;
			sourceTree = "<group>";
		};
/* End PBXGroup section */

/* Begin PBXNativeTarget section */
		B472A78F1A008C64002DD158 /* ExchangeAGram */ = {
			isa = PBXNativeTarget;
			buildConfigurationList = B472A7B21A008C64002DD158 /* Build configuration list for PBXNativeTarget "ExchangeAGram" */;
			buildPhases = (
				B472A78C1A008C64002DD158 /* Sources */,
				B472A78D1A008C64002DD158 /* Frameworks */,
				B472A78E1A008C64002DD158 /* Resources */,
			);
			buildRules = (
			);
			dependencies = (
			);
			name = ExchangeAGram;
			productName = ExchangeAGram;
			productReference = B472A7901A008C64002DD158 /* ExchangeAGram.app */;
			productType = "com.apple.product-type.application";
		};
		B472A7A71A008C64002DD158 /* ExchangeAGramTests */ = {
			isa = PBXNativeTarget;
			buildConfigurationList = B472A7B51A008C64002DD158 /* Build configuration list for PBXNativeTarget "ExchangeAGramTests" */;
			buildPhases = (
				B472A7A41A008C64002DD158 /* Sources */,
				B472A7A51A008C64002DD158 /* Frameworks */,
				B472A7A61A008C64002DD158 /* Resources */,
			);
			buildRules = (
			);
			dependencies = (
				B472A7AA1A008C64002DD158 /* PBXTargetDependency */,
			);
			name = ExchangeAGramTests;
			productName = ExchangeAGramTests;
			productReference = B472A7A81A008C64002DD158 /* ExchangeAGramTests.xctest */;
			productType = "com.apple.product-type.bundle.unit-test";
		};
/* End PBXNativeTarget section */

/* Begin PBXProject section */
		B472A7881A008C64002DD158 /* Project object */ = {
			isa = PBXProject;
			attributes = {
				LastUpgradeCheck = 0610;
				ORGANIZATIONNAME = Duoyun;
				TargetAttributes = {
					B472A78F1A008C64002DD158 = {
						CreatedOnToolsVersion = 6.1;
					};
					B472A7A71A008C64002DD158 = {
						CreatedOnToolsVersion = 6.1;
						TestTargetID = B472A78F1A008C64002DD158;
					};
				};
			};
			buildConfigurationList = B472A78B1A008C64002DD158 /* Build configuration list for PBXProject "ExchangeAGram" */;
			compatibilityVersion = "Xcode 3.2";
			developmentRegion = English;
			hasScannedForEncodings = 0;
			knownRegions = (
				en,
				Base,
			);
			mainGroup = B472A7871A008C64002DD158;
			productRefGroup = B472A7911A008C64002DD158 /* Products */;
			projectDirPath = "";
			projectRoot = "";
			targets = (
				B472A78F1A008C64002DD158 /* ExchangeAGram */,
				B472A7A71A008C64002DD158 /* ExchangeAGramTests */,
			);
		};
/* End PBXProject section */

/* Begin PBXResourcesBuildPhase section */
		B472A78E1A008C64002DD158 /* Resources */ = {
			isa = PBXResourcesBuildPhase;
			buildActionMask = 2147483647;
			files = (
				B472A79E1A008C64002DD158 /* Main.storyboard in Resources */,
				B472A7A31A008C64002DD158 /* LaunchScreen.xib in Resources */,
				B472A7A01A008C64002DD158 /* Images.xcassets in Resources */,
			);
			runOnlyForDeploymentPostprocessing = 0;
		};
		B472A7A61A008C64002DD158 /* Resources */ = {
			isa = PBXResourcesBuildPhase;
			buildActionMask = 2147483647;
			files = (
			);
			runOnlyForDeploymentPostprocessing = 0;
		};
/* End PBXResourcesBuildPhase section */

/* Begin PBXSourcesBuildPhase section */
		B472A78C1A008C64002DD158 /* Sources */ = {
			isa = PBXSourcesBuildPhase;
			buildActionMask = 2147483647;
			files = (
				B472A7C31A022FFD002DD158 /* FilterCell.swift in Sources */,
				B472A7C11A0223B0002DD158 /* FilterViewController.swift in Sources */,
				B472A7961A008C64002DD158 /* AppDelegate.swift in Sources */,
				B472A7BB1A009295002DD158 /* FeedCell.swift in Sources */,
				B43431181A08969300BDAD4E /* MapViewController.swift in Sources */,
				B434313D1A19A76D00BDAD4E /* FeedItem.swift in Sources */,
				B472A7B91A008EA3002DD158 /* FeedViewController.swift in Sources */,
				B472A7CA1A05D14F002DD158 /* ProfileViewController.swift in Sources */,
				B472A7991A008C64002DD158 /* ExchangeAGram.xcdatamodeld in Sources */,
			);
			runOnlyForDeploymentPostprocessing = 0;
		};
		B472A7A41A008C64002DD158 /* Sources */ = {
			isa = PBXSourcesBuildPhase;
			buildActionMask = 2147483647;
			files = (
				B472A7AF1A008C64002DD158 /* ExchangeAGramTests.swift in Sources */,
			);
			runOnlyForDeploymentPostprocessing = 0;
		};
/* End PBXSourcesBuildPhase section */

/* Begin PBXTargetDependency section */
		B472A7AA1A008C64002DD158 /* PBXTargetDependency */ = {
			isa = PBXTargetDependency;
			target = B472A78F1A008C64002DD158 /* ExchangeAGram */;
			targetProxy = B472A7A91A008C64002DD158 /* PBXContainerItemProxy */;
		};
/* End PBXTargetDependency section */

/* Begin PBXVariantGroup section */
		B472A79C1A008C64002DD158 /* Main.storyboard */ = {
			isa = PBXVariantGroup;
			children = (
				B472A79D1A008C64002DD158 /* Base */,
			);
			name = Main.storyboard;
			sourceTree = "<group>";
		};
		B472A7A11A008C64002DD158 /* LaunchScreen.xib */ = {
			isa = PBXVariantGroup;
			children = (
				B472A7A21A008C64002DD158 /* Base */,
			);
			name = LaunchScreen.xib;
			sourceTree = "<group>";
		};
/* End PBXVariantGroup section */

/* Begin XCBuildConfiguration section */
		B472A7B01A008C64002DD158 /* Debug */ = {
			isa = XCBuildConfiguration;
			buildSettings = {
				ALWAYS_SEARCH_USER_PATHS = NO;
				CLANG_CXX_LANGUAGE_STANDARD = "gnu++0x";
				CLANG_CXX_LIBRARY = "libc++";
				CLANG_ENABLE_MODULES = YES;
				CLANG_ENABLE_OBJC_ARC = YES;
				CLANG_WARN_BOOL_CONVERSION = YES;
				CLANG_WARN_CONSTANT_CONVERSION = YES;
				CLANG_WARN_DIRECT_OBJC_ISA_USAGE = YES_ERROR;
				CLANG_WARN_EMPTY_BODY = YES;
				CLANG_WARN_ENUM_CONVERSION = YES;
				CLANG_WARN_INT_CONVERSION = YES;
				CLANG_WARN_OBJC_ROOT_CLASS = YES_ERROR;
				CLANG_WARN_UNREACHABLE_CODE = YES;
				CLANG_WARN__DUPLICATE_METHOD_MATCH = YES;
				"CODE_SIGN_IDENTITY[sdk=iphoneos*]" = "iPhone Developer";
				COPY_PHASE_STRIP = NO;
				ENABLE_STRICT_OBJC_MSGSEND = YES;
				GCC_C_LANGUAGE_STANDARD = gnu99;
				GCC_DYNAMIC_NO_PIC = NO;
				GCC_OPTIMIZATION_LEVEL = 0;
				GCC_PREPROCESSOR_DEFINITIONS = (
					"DEBUG=1",
					"$(inherited)",
				);
				GCC_SYMBOLS_PRIVATE_EXTERN = NO;
				GCC_WARN_64_TO_32_BIT_CONVERSION = YES;
				GCC_WARN_ABOUT_RETURN_TYPE = YES_ERROR;
				GCC_WARN_UNDECLARED_SELECTOR = YES;
				GCC_WARN_UNINITIALIZED_AUTOS = YES_AGGRESSIVE;
				GCC_WARN_UNUSED_FUNCTION = YES;
				GCC_WARN_UNUSED_VARIABLE = YES;
				IPHONEOS_DEPLOYMENT_TARGET = 8.1;
				MTL_ENABLE_DEBUG_INFO = YES;
				ONLY_ACTIVE_ARCH = YES;
				SDKROOT = iphoneos;
				SWIFT_OPTIMIZATION_LEVEL = "-Onone";
				TARGETED_DEVICE_FAMILY = "1,2";
			};
			name = Debug;
		};
		B472A7B11A008C64002DD158 /* Release */ = {
			isa = XCBuildConfiguration;
			buildSettings = {
				ALWAYS_SEARCH_USER_PATHS = NO;
				CLANG_CXX_LANGUAGE_STANDARD = "gnu++0x";
				CLANG_CXX_LIBRARY = "libc++";
				CLANG_ENABLE_MODULES = YES;
				CLANG_ENABLE_OBJC_ARC = YES;
				CLANG_WARN_BOOL_CONVERSION = YES;
				CLANG_WARN_CONSTANT_CONVERSION = YES;
				CLANG_WARN_DIRECT_OBJC_ISA_USAGE = YES_ERROR;
				CLANG_WARN_EMPTY_BODY = YES;
				CLANG_WARN_ENUM_CONVERSION = YES;
				CLANG_WARN_INT_CONVERSION = YES;
				CLANG_WARN_OBJC_ROOT_CLASS = YES_ERROR;
				CLANG_WARN_UNREACHABLE_CODE = YES;
				CLANG_WARN__DUPLICATE_METHOD_MATCH = YES;
				"CODE_SIGN_IDENTITY[sdk=iphoneos*]" = "iPhone Developer";
				COPY_PHASE_STRIP = YES;
				ENABLE_NS_ASSERTIONS = NO;
				ENABLE_STRICT_OBJC_MSGSEND = YES;
				GCC_C_LANGUAGE_STANDARD = gnu99;
				GCC_WARN_64_TO_32_BIT_CONVERSION = YES;
				GCC_WARN_ABOUT_RETURN_TYPE = YES_ERROR;
				GCC_WARN_UNDECLARED_SELECTOR = YES;
				GCC_WARN_UNINITIALIZED_AUTOS = YES_AGGRESSIVE;
				GCC_WARN_UNUSED_FUNCTION = YES;
				GCC_WARN_UNUSED_VARIABLE = YES;
				IPHONEOS_DEPLOYMENT_TARGET = 8.1;
				MTL_ENABLE_DEBUG_INFO = NO;
				SDKROOT = iphoneos;
				TARGETED_DEVICE_FAMILY = "1,2";
				VALIDATE_PRODUCT = YES;
			};
			name = Release;
		};
		B472A7B31A008C64002DD158 /* Debug */ = {
			isa = XCBuildConfiguration;
			buildSettings = {
				ASSETCATALOG_COMPILER_APPICON_NAME = AppIcon;
				FRAMEWORK_SEARCH_PATHS = (
					"$(inherited)",
					/Users/Dominik/Documents/FacebookSDK,
				);
				INFOPLIST_FILE = ExchangeAGram/Info.plist;
				LD_RUNPATH_SEARCH_PATHS = "$(inherited) @executable_path/Frameworks";
				PRODUCT_NAME = "$(TARGET_NAME)";
				SWIFT_OBJC_BRIDGING_HEADER = "ExchangeAGram/Bridging-Header.h";
			};
			name = Debug;
		};
		B472A7B41A008C64002DD158 /* Release */ = {
			isa = XCBuildConfiguration;
			buildSettings = {
				ASSETCATALOG_COMPILER_APPICON_NAME = AppIcon;
				FRAMEWORK_SEARCH_PATHS = (
					"$(inherited)",
					/Users/Dominik/Documents/FacebookSDK,
				);
				INFOPLIST_FILE = ExchangeAGram/Info.plist;
				LD_RUNPATH_SEARCH_PATHS = "$(inherited) @executable_path/Frameworks";
				PRODUCT_NAME = "$(TARGET_NAME)";
				SWIFT_OBJC_BRIDGING_HEADER = "ExchangeAGram/Bridging-Header.h";
			};
			name = Release;
		};
		B472A7B61A008C64002DD158 /* Debug */ = {
			isa = XCBuildConfiguration;
			buildSettings = {
				BUNDLE_LOADER = "$(TEST_HOST)";
				FRAMEWORK_SEARCH_PATHS = (
					"$(SDKROOT)/Developer/Library/Frameworks",
					"$(inherited)",
				);
				GCC_PREPROCESSOR_DEFINITIONS = (
					"DEBUG=1",
					"$(inherited)",
				);
				INFOPLIST_FILE = ExchangeAGramTests/Info.plist;
				LD_RUNPATH_SEARCH_PATHS = "$(inherited) @executable_path/Frameworks @loader_path/Frameworks";
				PRODUCT_NAME = "$(TARGET_NAME)";
				TEST_HOST = "$(BUILT_PRODUCTS_DIR)/ExchangeAGram.app/ExchangeAGram";
			};
			name = Debug;
		};
		B472A7B71A008C64002DD158 /* Release */ = {
			isa = XCBuildConfiguration;
			buildSettings = {
				BUNDLE_LOADER = "$(TEST_HOST)";
				FRAMEWORK_SEARCH_PATHS = (
					"$(SDKROOT)/Developer/Library/Frameworks",
					"$(inherited)",
				);
				INFOPLIST_FILE = ExchangeAGramTests/Info.plist;
				LD_RUNPATH_SEARCH_PATHS = "$(inherited) @executable_path/Frameworks @loader_path/Frameworks";
				PRODUCT_NAME = "$(TARGET_NAME)";
				TEST_HOST = "$(BUILT_PRODUCTS_DIR)/ExchangeAGram.app/ExchangeAGram";
			};
			name = Release;
		};
/* End XCBuildConfiguration section */

/* Begin XCConfigurationList section */
		B472A78B1A008C64002DD158 /* Build configuration list for PBXProject "ExchangeAGram" */ = {
			isa = XCConfigurationList;
			buildConfigurations = (
				B472A7B01A008C64002DD158 /* Debug */,
				B472A7B11A008C64002DD158 /* Release */,
			);
			defaultConfigurationIsVisible = 0;
			defaultConfigurationName = Release;
		};
		B472A7B21A008C64002DD158 /* Build configuration list for PBXNativeTarget "ExchangeAGram" */ = {
			isa = XCConfigurationList;
			buildConfigurations = (
				B472A7B31A008C64002DD158 /* Debug */,
				B472A7B41A008C64002DD158 /* Release */,
			);
			defaultConfigurationIsVisible = 0;
			defaultConfigurationName = Release;
		};
		B472A7B51A008C64002DD158 /* Build configuration list for PBXNativeTarget "ExchangeAGramTests" */ = {
			isa = XCConfigurationList;
			buildConfigurations = (
				B472A7B61A008C64002DD158 /* Debug */,
				B472A7B71A008C64002DD158 /* Release */,
			);
			defaultConfigurationIsVisible = 0;
			defaultConfigurationName = Release;
		};
/* End XCConfigurationList section */

/* Begin XCVersionGroup section */
		B472A7971A008C64002DD158 /* ExchangeAGram.xcdatamodeld */ = {
			isa = XCVersionGroup;
			children = (
				B472A7981A008C64002DD158 /* ExchangeAGram.xcdatamodel */,
			);
			currentVersion = B472A7981A008C64002DD158 /* ExchangeAGram.xcdatamodel */;
			path = ExchangeAGram.xcdatamodeld;
			sourceTree = "<group>";
			versionGroupType = wrapper.xcdatamodel;
		};
/* End XCVersionGroup section */
	};
	rootObject = B472A7881A008C64002DD158 /* Project object */;
}
